// !$*UTF8*$!
{
	archiveVersion = 1;
	classes = {
	};
	objectVersion = 46;
	objects = {

/* Begin PBXBuildFile section */
		C214D9D81BC3A5EC003E6994 /* main.m in Sources */ = {isa = PBXBuildFile; fileRef = C214D9D71BC3A5EC003E6994 /* main.m */; };
		C214D9DB1BC3A5EC003E6994 /* AppDelegate.m in Sources */ = {isa = PBXBuildFile; fileRef = C214D9DA1BC3A5EC003E6994 /* AppDelegate.m */; };
		C214D9DE1BC3A5EC003E6994 /* ViewController.m in Sources */ = {isa = PBXBuildFile; fileRef = C214D9DD1BC3A5EC003E6994 /* ViewController.m */; };
		C214D9E11BC3A5EC003E6994 /* Main.storyboard in Resources */ = {isa = PBXBuildFile; fileRef = C214D9DF1BC3A5EC003E6994 /* Main.storyboard */; };
		C214D9E31BC3A5EC003E6994 /* Assets.xcassets in Resources */ = {isa = PBXBuildFile; fileRef = C214D9E21BC3A5EC003E6994 /* Assets.xcassets */; };
		C214D9E61BC3A5EC003E6994 /* LaunchScreen.storyboard in Resources */ = {isa = PBXBuildFile; fileRef = C214D9E41BC3A5EC003E6994 /* LaunchScreen.storyboard */; };
		C214D9F11BC3A5EC003E6994 /* githubTests.m in Sources */ = {isa = PBXBuildFile; fileRef = C214D9F01BC3A5EC003E6994 /* githubTests.m */; };
		C214D9FC1BC3A5EC003E6994 /* githubUITests.m in Sources */ = {isa = PBXBuildFile; fileRef = C214D9FB1BC3A5EC003E6994 /* githubUITests.m */; };
/* End PBXBuildFile section */

/* Begin PBXContainerItemProxy section */
		C214D9ED1BC3A5EC003E6994 /* PBXContainerItemProxy */ = {
			isa = PBXContainerItemProxy;
			containerPortal = C214D9CB1BC3A5EC003E6994 /* Project object */;
			proxyType = 1;
			remoteGlobalIDString = C214D9D21BC3A5EC003E6994;
			remoteInfo = github;
		};
		C214D9F81BC3A5EC003E6994 /* PBXContainerItemProxy */ = {
			isa = PBXContainerItemProxy;
			containerPortal = C214D9CB1BC3A5EC003E6994 /* Project object */;
			proxyType = 1;
			remoteGlobalIDString = C214D9D21BC3A5EC003E6994;
			remoteInfo = github;
		};
/* End PBXContainerItemProxy section */

/* Begin PBXFileReference section */
		C214D9D31BC3A5EC003E6994 /* github.app */ = {isa = PBXFileReference; explicitFileType = wrapper.application; includeInIndex = 0; path = github.app; sourceTree = BUILT_PRODUCTS_DIR; };
		C214D9D71BC3A5EC003E6994 /* main.m */ = {isa = PBXFileReference; lastKnownFileType = sourcecode.c.objc; path = main.m; sourceTree = "<group>"; };
		C214D9D91BC3A5EC003E6994 /* AppDelegate.h */ = {isa = PBXFileReference; lastKnownFileType = sourcecode.c.h; path = AppDelegate.h; sourceTree = "<group>"; };
		C214D9DA1BC3A5EC003E6994 /* AppDelegate.m */ = {isa = PBXFileReference; lastKnownFileType = sourcecode.c.objc; path = AppDelegate.m; sourceTree = "<group>"; };
		C214D9DC1BC3A5EC003E6994 /* ViewController.h */ = {isa = PBXFileReference; lastKnownFileType = sourcecode.c.h; path = ViewController.h; sourceTree = "<group>"; };
		C214D9DD1BC3A5EC003E6994 /* ViewController.m */ = {isa = PBXFileReference; lastKnownFileType = sourcecode.c.objc; path = ViewController.m; sourceTree = "<group>"; };
		C214D9E01BC3A5EC003E6994 /* Base */ = {isa = PBXFileReference; lastKnownFileType = file.storyboard; name = Base; path = Base.lproj/Main.storyboard; sourceTree = "<group>"; };
		C214D9E21BC3A5EC003E6994 /* Assets.xcassets */ = {isa = PBXFileReference; lastKnownFileType = folder.assetcatalog; path = Assets.xcassets; sourceTree = "<group>"; };
		C214D9E51BC3A5EC003E6994 /* Base */ = {isa = PBXFileReference; lastKnownFileType = file.storyboard; name = Base; path = Base.lproj/LaunchScreen.storyboard; sourceTree = "<group>"; };
		C214D9E71BC3A5EC003E6994 /* Info.plist */ = {isa = PBXFileReference; lastKnownFileType = text.plist.xml; path = Info.plist; sourceTree = "<group>"; };
		C214D9EC1BC3A5EC003E6994 /* githubTests.xctest */ = {isa = PBXFileReference; explicitFileType = wrapper.cfbundle; includeInIndex = 0; path = githubTests.xctest; sourceTree = BUILT_PRODUCTS_DIR; };
		C214D9F01BC3A5EC003E6994 /* githubTests.m */ = {isa = PBXFileReference; lastKnownFileType = sourcecode.c.objc; path = githubTests.m; sourceTree = "<group>"; };
		C214D9F21BC3A5EC003E6994 /* Info.plist */ = {isa = PBXFileReference; lastKnownFileType = text.plist.xml; path = Info.plist; sourceTree = "<group>"; };
		C214D9F71BC3A5EC003E6994 /* githubUITests.xctest */ = {isa = PBXFileReference; explicitFileType = wrapper.cfbundle; includeInIndex = 0; path = githubUITests.xctest; sourceTree = BUILT_PRODUCTS_DIR; };
		C214D9FB1BC3A5EC003E6994 /* githubUITests.m */ = {isa = PBXFileReference; lastKnownFileType = sourcecode.c.objc; path = githubUITests.m; sourceTree = "<group>"; };
		C214D9FD1BC3A5EC003E6994 /* Info.plist */ = {isa = PBXFileReference; lastKnownFileType = text.plist.xml; path = Info.plist; sourceTree = "<group>"; };
/* End PBXFileReference section */

/* Begin PBXFrameworksBuildPhase section */
		C214D9D01BC3A5EC003E6994 /* Frameworks */ = {
			isa = PBXFrameworksBuildPhase;
			buildActionMask = 2147483647;
			files = (
			);
			runOnlyForDeploymentPostprocessing = 0;
		};
		C214D9E91BC3A5EC003E6994 /* Frameworks */ = {
			isa = PBXFrameworksBuildPhase;
			buildActionMask = 2147483647;
			files = (
			);
			runOnlyForDeploymentPostprocessing = 0;
		};
		C214D9F41BC3A5EC003E6994 /* Frameworks */ = {
			isa = PBXFrameworksBuildPhase;
			buildActionMask = 2147483647;
			files = (
			);
			runOnlyForDeploymentPostprocessing = 0;
		};
/* End PBXFrameworksBuildPhase section */

/* Begin PBXGroup section */
		C214D9CA1BC3A5EC003E6994 = {
			isa = PBXGroup;
			children = (
				C214D9D51BC3A5EC003E6994 /* github */,
				C214D9EF1BC3A5EC003E6994 /* githubTests */,
				C214D9FA1BC3A5EC003E6994 /* githubUITests */,
				C214D9D41BC3A5EC003E6994 /* Products */,
			);
			sourceTree = "<group>";
		};
		C214D9D41BC3A5EC003E6994 /* Products */ = {
			isa = PBXGroup;
			children = (
				C214D9D31BC3A5EC003E6994 /* github.app */,
				C214D9EC1BC3A5EC003E6994 /* githubTests.xctest */,
				C214D9F71BC3A5EC003E6994 /* githubUITests.xctest */,
			);
			name = Products;
			sourceTree = "<group>";
		};
		C214D9D51BC3A5EC003E6994 /* github */ = {
			isa = PBXGroup;
			children = (
				C214D9D91BC3A5EC003E6994 /* AppDelegate.h */,
				C214D9DA1BC3A5EC003E6994 /* AppDelegate.m */,
				C214D9DC1BC3A5EC003E6994 /* ViewController.h */,
				C214D9DD1BC3A5EC003E6994 /* ViewController.m */,
				C214D9DF1BC3A5EC003E6994 /* Main.storyboard */,
				C214D9E21BC3A5EC003E6994 /* Assets.xcassets */,
				C214D9E41BC3A5EC003E6994 /* LaunchScreen.storyboard */,
				C214D9E71BC3A5EC003E6994 /* Info.plist */,
				C214D9D61BC3A5EC003E6994 /* Supporting Files */,
			);
			path = github;
			sourceTree = "<group>";
		};
		C214D9D61BC3A5EC003E6994 /* Supporting Files */ = {
			isa = PBXGroup;
			children = (
				C214D9D71BC3A5EC003E6994 /* main.m */,
			);
			name = "Supporting Files";
			sourceTree = "<group>";
		};
		C214D9EF1BC3A5EC003E6994 /* githubTests */ = {
			isa = PBXGroup;
			children = (
				C214D9F01BC3A5EC003E6994 /* githubTests.m */,
				C214D9F21BC3A5EC003E6994 /* Info.plist */,
			);
			path = githubTests;
			sourceTree = "<group>";
		};
		C214D9FA1BC3A5EC003E6994 /* githubUITests */ = {
			isa = PBXGroup;
			children = (
				C214D9FB1BC3A5EC003E6994 /* githubUITests.m */,
				C214D9FD1BC3A5EC003E6994 /* Info.plist */,
			);
			path = githubUITests;
			sourceTree = "<group>";
		};
/* End PBXGroup section */

/* Begin PBXNativeTarget section */
		C214D9D21BC3A5EC003E6994 /* github */ = {
			isa = PBXNativeTarget;
			buildConfigurationList = C214DA001BC3A5EC003E6994 /* Build configuration list for PBXNativeTarget "github" */;
			buildPhases = (
				C214D9CF1BC3A5EC003E6994 /* Sources */,
				C214D9D01BC3A5EC003E6994 /* Frameworks */,
				C214D9D11BC3A5EC003E6994 /* Resources */,
			);
			buildRules = (
			);
			dependencies = (
			);
			name = github;
			productName = github;
			productReference = C214D9D31BC3A5EC003E6994 /* github.app */;
			productType = "com.apple.product-type.application";
		};
		C214D9EB1BC3A5EC003E6994 /* githubTests */ = {
			isa = PBXNativeTarget;
			buildConfigurationList = C214DA031BC3A5EC003E6994 /* Build configuration list for PBXNativeTarget "githubTests" */;
			buildPhases = (
				C214D9E81BC3A5EC003E6994 /* Sources */,
				C214D9E91BC3A5EC003E6994 /* Frameworks */,
				C214D9EA1BC3A5EC003E6994 /* Resources */,
			);
			buildRules = (
			);
			dependencies = (
				C214D9EE1BC3A5EC003E6994 /* PBXTargetDependency */,
			);
			name = githubTests;
			productName = githubTests;
			productReference = C214D9EC1BC3A5EC003E6994 /* githubTests.xctest */;
			productType = "com.apple.product-type.bundle.unit-test";
		};
		C214D9F61BC3A5EC003E6994 /* githubUITests */ = {
			isa = PBXNativeTarget;
			buildConfigurationList = C214DA061BC3A5EC003E6994 /* Build configuration list for PBXNativeTarget "githubUITests" */;
			buildPhases = (
				C214D9F31BC3A5EC003E6994 /* Sources */,
				C214D9F41BC3A5EC003E6994 /* Frameworks */,
				C214D9F51BC3A5EC003E6994 /* Resources */,
			);
			buildRules = (
			);
			dependencies = (
				C214D9F91BC3A5EC003E6994 /* PBXTargetDependency */,
			);
			name = githubUITests;
			productName = githubUITests;
			productReference = C214D9F71BC3A5EC003E6994 /* githubUITests.xctest */;
			productType = "com.apple.product-type.bundle.ui-testing";
		};
/* End PBXNativeTarget section */

/* Begin PBXProject section */
		C214D9CB1BC3A5EC003E6994 /* Project object */ = {
			isa = PBXProject;
			attributes = {
				LastUpgradeCheck = 0700;
				ORGANIZATIONNAME = "冯钰书";
				TargetAttributes = {
					C214D9D21BC3A5EC003E6994 = {
						CreatedOnToolsVersion = 7.0;
					};
					C214D9EB1BC3A5EC003E6994 = {
						CreatedOnToolsVersion = 7.0;
						TestTargetID = C214D9D21BC3A5EC003E6994;
					};
					C214D9F61BC3A5EC003E6994 = {
						CreatedOnToolsVersion = 7.0;
						TestTargetID = C214D9D21BC3A5EC003E6994;
					};
				};
			};
			buildConfigurationList = C214D9CE1BC3A5EC003E6994 /* Build configuration list for PBXProject "github" */;
			compatibilityVersion = "Xcode 3.2";
			developmentRegion = English;
			hasScannedForEncodings = 0;
			knownRegions = (
				en,
				Base,
			);
			mainGroup = C214D9CA1BC3A5EC003E6994;
			productRefGroup = C214D9D41BC3A5EC003E6994 /* Products */;
			projectDirPath = "";
			projectRoot = "";
			targets = (
				C214D9D21BC3A5EC003E6994 /* github */,
				C214D9EB1BC3A5EC003E6994 /* githubTests */,
				C214D9F61BC3A5EC003E6994 /* githubUITests */,
			);
		};
/* End PBXProject section */

/* Begin PBXResourcesBuildPhase section */
		C214D9D11BC3A5EC003E6994 /* Resources */ = {
			isa = PBXResourcesBuildPhase;
			buildActionMask = 2147483647;
			files = (
				C214D9E61BC3A5EC003E6994 /* LaunchScreen.storyboard in Resources */,
				C214D9E31BC3A5EC003E6994 /* Assets.xcassets in Resources */,
				C214D9E11BC3A5EC003E6994 /* Main.storyboard in Resources */,
			);
			runOnlyForDeploymentPostprocessing = 0;
		};
		C214D9EA1BC3A5EC003E6994 /* Resources */ = {
			isa = PBXResourcesBuildPhase;
			buildActionMask = 2147483647;
			files = (
			);
			runOnlyForDeploymentPostprocessing = 0;
		};
		C214D9F51BC3A5EC003E6994 /* Resources */ = {
			isa = PBXResourcesBuildPhase;
			buildActionMask = 2147483647;
			files = (
			);
			runOnlyForDeploymentPostprocessing = 0;
		};
/* End PBXResourcesBuildPhase section */

/* Begin PBXSourcesBuildPhase section */
		C214D9CF1BC3A5EC003E6994 /* Sources */ = {
			isa = PBXSourcesBuildPhase;
			buildActionMask = 2147483647;
			files = (
				C214D9DE1BC3A5EC003E6994 /* ViewController.m in Sources */,
				C214D9DB1BC3A5EC003E6994 /* AppDelegate.m in Sources */,
				C214D9D81BC3A5EC003E6994 /* main.m in Sources */,
			);
			runOnlyForDeploymentPostprocessing = 0;
		};
		C214D9E81BC3A5EC003E6994 /* Sources */ = {
			isa = PBXSourcesBuildPhase;
			buildActionMask = 2147483647;
			files = (
				C214D9F11BC3A5EC003E6994 /* githubTests.m in Sources */,
			);
			runOnlyForDeploymentPostprocessing = 0;
		};
		C214D9F31BC3A5EC003E6994 /* Sources */ = {
			isa = PBXSourcesBuildPhase;
			buildActionMask = 2147483647;
			files = (
				C214D9FC1BC3A5EC003E6994 /* githubUITests.m in Sources */,
			);
			runOnlyForDeploymentPostprocessing = 0;
		};
/* End PBXSourcesBuildPhase section */

/* Begin PBXTargetDependency section */
		C214D9EE1BC3A5EC003E6994 /* PBXTargetDependency */ = {
			isa = PBXTargetDependency;
			target = C214D9D21BC3A5EC003E6994 /* github */;
			targetProxy = C214D9ED1BC3A5EC003E6994 /* PBXContainerItemProxy */;
		};
		C214D9F91BC3A5EC003E6994 /* PBXTargetDependency */ = {
			isa = PBXTargetDependency;
			target = C214D9D21BC3A5EC003E6994 /* github */;
			targetProxy = C214D9F81BC3A5EC003E6994 /* PBXContainerItemProxy */;
		};
/* End PBXTargetDependency section */

/* Begin PBXVariantGroup section */
		C214D9DF1BC3A5EC003E6994 /* Main.storyboard */ = {
			isa = PBXVariantGroup;
			children = (
				C214D9E01BC3A5EC003E6994 /* Base */,
			);
			name = Main.storyboard;
			sourceTree = "<group>";
		};
		C214D9E41BC3A5EC003E6994 /* LaunchScreen.storyboard */ = {
			isa = PBXVariantGroup;
			children = (
				C214D9E51BC3A5EC003E6994 /* Base */,
			);
			name = LaunchScreen.storyboard;
			sourceTree = "<group>";
		};
/* End PBXVariantGroup section */

/* Begin XCBuildConfiguration section */
		C214D9FE1BC3A5EC003E6994 /* Debug */ = {
			isa = XCBuildConfiguration;
			buildSettings = {
				ALWAYS_SEARCH_USER_PATHS = NO;
				CLANG_CXX_LANGUAGE_STANDARD = "gnu++0x";
				CLANG_CXX_LIBRARY = "libc++";
				CLANG_ENABLE_MODULES = YES;
				CLANG_ENABLE_OBJC_ARC = YES;
				CLANG_WARN_BOOL_CONVERSION = YES;
				CLANG_WARN_CONSTANT_CONVERSION = YES;
				CLANG_WARN_DIRECT_OBJC_ISA_USAGE = YES_ERROR;
				CLANG_WARN_EMPTY_BODY = YES;
				CLANG_WARN_ENUM_CONVERSION = YES;
				CLANG_WARN_INT_CONVERSION = YES;
				CLANG_WARN_OBJC_ROOT_CLASS = YES_ERROR;
				CLANG_WARN_UNREACHABLE_CODE = YES;
				CLANG_WARN__DUPLICATE_METHOD_MATCH = YES;
				"CODE_SIGN_IDENTITY[sdk=iphoneos*]" = "iPhone Developer";
				COPY_PHASE_STRIP = NO;
				DEBUG_INFORMATION_FORMAT = dwarf;
				ENABLE_STRICT_OBJC_MSGSEND = YES;
				ENABLE_TESTABILITY = YES;
				GCC_C_LANGUAGE_STANDARD = gnu99;
				GCC_DYNAMIC_NO_PIC = NO;
				GCC_NO_COMMON_BLOCKS = YES;
				GCC_OPTIMIZATION_LEVEL = 0;
				GCC_PREPROCESSOR_DEFINITIONS = (
					"DEBUG=1",
					"$(inherited)",
				);
				GCC_WARN_64_TO_32_BIT_CONVERSION = YES;
				GCC_WARN_ABOUT_RETURN_TYPE = YES_ERROR;
				GCC_WARN_UNDECLARED_SELECTOR = YES;
				GCC_WARN_UNINITIALIZED_AUTOS = YES_AGGRESSIVE;
				GCC_WARN_UNUSED_FUNCTION = YES;
				GCC_WARN_UNUSED_VARIABLE = YES;
				IPHONEOS_DEPLOYMENT_TARGET = 9.0;
				MTL_ENABLE_DEBUG_INFO = YES;
				ONLY_ACTIVE_ARCH = YES;
				SDKROOT = iphoneos;
			};
			name = Debug;
		};
		C214D9FF1BC3A5EC003E6994 /* Release */ = {
			isa = XCBuildConfiguration;
			buildSettings = {
				ALWAYS_SEARCH_USER_PATHS = NO;
				CLANG_CXX_LANGUAGE_STANDARD = "gnu++0x";
				CLANG_CXX_LIBRARY = "libc++";
				CLANG_ENABLE_MODULES = YES;
				CLANG_ENABLE_OBJC_ARC = YES;
				CLANG_WARN_BOOL_CONVERSION = YES;
				CLANG_WARN_CONSTANT_CONVERSION = YES;
				CLANG_WARN_DIRECT_OBJC_ISA_USAGE = YES_ERROR;
				CLANG_WARN_EMPTY_BODY = YES;
				CLANG_WARN_ENUM_CONVERSION = YES;
				CLANG_WARN_INT_CONVERSION = YES;
				CLANG_WARN_OBJC_ROOT_CLASS = YES_ERROR;
				CLANG_WARN_UNREACHABLE_CODE = YES;
				CLANG_WARN__DUPLICATE_METHOD_MATCH = YES;
				"CODE_SIGN_IDENTITY[sdk=iphoneos*]" = "iPhone Developer";
				COPY_PHASE_STRIP = NO;
				DEBUG_INFORMATION_FORMAT = "dwarf-with-dsym";
				ENABLE_NS_ASSERTIONS = NO;
				ENABLE_STRICT_OBJC_MSGSEND = YES;
				GCC_C_LANGUAGE_STANDARD = gnu99;
				GCC_NO_COMMON_BLOCKS = YES;
				GCC_WARN_64_TO_32_BIT_CONVERSION = YES;
				GCC_WARN_ABOUT_RETURN_TYPE = YES_ERROR;
				GCC_WARN_UNDECLARED_SELECTOR = YES;
				GCC_WARN_UNINITIALIZED_AUTOS = YES_AGGRESSIVE;
				GCC_WARN_UNUSED_FUNCTION = YES;
				GCC_WARN_UNUSED_VARIABLE = YES;
				IPHONEOS_DEPLOYMENT_TARGET = 9.0;
				MTL_ENABLE_DEBUG_INFO = NO;
				SDKROOT = iphoneos;
				VALIDATE_PRODUCT = YES;
			};
			name = Release;
		};
		C214DA011BC3A5EC003E6994 /* Debug */ = {
			isa = XCBuildConfiguration;
			buildSettings = {
				ASSETCATALOG_COMPILER_APPICON_NAME = AppIcon;
				INFOPLIST_FILE = github/Info.plist;
				LD_RUNPATH_SEARCH_PATHS = "$(inherited) @executable_path/Frameworks";
				PRODUCT_BUNDLE_IDENTIFIER = com.lanou3g.www.github;
				PRODUCT_NAME = "$(TARGET_NAME)";
			};
			name = Debug;
		};
		C214DA021BC3A5EC003E6994 /* Release */ = {
			isa = XCBuildConfiguration;
			buildSettings = {
				ASSETCATALOG_COMPILER_APPICON_NAME = AppIcon;
				INFOPLIST_FILE = github/Info.plist;
				LD_RUNPATH_SEARCH_PATHS = "$(inherited) @executable_path/Frameworks";
				PRODUCT_BUNDLE_IDENTIFIER = com.lanou3g.www.github;
				PRODUCT_NAME = "$(TARGET_NAME)";
			};
			name = Release;
		};
		C214DA041BC3A5EC003E6994 /* Debug */ = {
			isa = XCBuildConfiguration;
			buildSettings = {
				BUNDLE_LOADER = "$(TEST_HOST)";
				INFOPLIST_FILE = githubTests/Info.plist;
				LD_RUNPATH_SEARCH_PATHS = "$(inherited) @executable_path/Frameworks @loader_path/Frameworks";
				PRODUCT_BUNDLE_IDENTIFIER = com.lanou3g.www.githubTests;
				PRODUCT_NAME = "$(TARGET_NAME)";
				TEST_HOST = "$(BUILT_PRODUCTS_DIR)/github.app/github";
			};
			name = Debug;
		};
		C214DA051BC3A5EC003E6994 /* Release */ = {
			isa = XCBuildConfiguration;
			buildSettings = {
				BUNDLE_LOADER = "$(TEST_HOST)";
				INFOPLIST_FILE = githubTests/Info.plist;
				LD_RUNPATH_SEARCH_PATHS = "$(inherited) @executable_path/Frameworks @loader_path/Frameworks";
				PRODUCT_BUNDLE_IDENTIFIER = com.lanou3g.www.githubTests;
				PRODUCT_NAME = "$(TARGET_NAME)";
				TEST_HOST = "$(BUILT_PRODUCTS_DIR)/github.app/github";
			};
			name = Release;
		};
		C214DA071BC3A5EC003E6994 /* Debug */ = {
			isa = XCBuildConfiguration;
			buildSettings = {
				INFOPLIST_FILE = githubUITests/Info.plist;
				LD_RUNPATH_SEARCH_PATHS = "$(inherited) @executable_path/Frameworks @loader_path/Frameworks";
				PRODUCT_BUNDLE_IDENTIFIER = com.lanou3g.www.githubUITests;
				PRODUCT_NAME = "$(TARGET_NAME)";
				TEST_TARGET_NAME = github;
				USES_XCTRUNNER = YES;
			};
			name = Debug;
		};
		C214DA081BC3A5EC003E6994 /* Release */ = {
			isa = XCBuildConfiguration;
			buildSettings = {
				INFOPLIST_FILE = githubUITests/Info.plist;
				LD_RUNPATH_SEARCH_PATHS = "$(inherited) @executable_path/Frameworks @loader_path/Frameworks";
				PRODUCT_BUNDLE_IDENTIFIER = com.lanou3g.www.githubUITests;
				PRODUCT_NAME = "$(TARGET_NAME)";
				TEST_TARGET_NAME = github;
				USES_XCTRUNNER = YES;
			};
			name = Release;
		};
/* End XCBuildConfiguration section */

/* Begin XCConfigurationList section */
		C214D9CE1BC3A5EC003E6994 /* Build configuration list for PBXProject "github" */ = {
			isa = XCConfigurationList;
			buildConfigurations = (
				C214D9FE1BC3A5EC003E6994 /* Debug */,
				C214D9FF1BC3A5EC003E6994 /* Release */,
			);
			defaultConfigurationIsVisible = 0;
			defaultConfigurationName = Release;
		};
		C214DA001BC3A5EC003E6994 /* Build configuration list for PBXNativeTarget "github" */ = {
			isa = XCConfigurationList;
			buildConfigurations = (
				C214DA011BC3A5EC003E6994 /* Debug */,
				C214DA021BC3A5EC003E6994 /* Release */,
			);
			defaultConfigurationIsVisible = 0;
		};
		C214DA031BC3A5EC003E6994 /* Build configuration list for PBXNativeTarget "githubTests" */ = {
			isa = XCConfigurationList;
			buildConfigurations = (
				C214DA041BC3A5EC003E6994 /* Debug */,
				C214DA051BC3A5EC003E6994 /* Release */,
			);
			defaultConfigurationIsVisible = 0;
		};
		C214DA061BC3A5EC003E6994 /* Build configuration list for PBXNativeTarget "githubUITests" */ = {
			isa = XCConfigurationList;
			buildConfigurations = (
				C214DA071BC3A5EC003E6994 /* Debug */,
				C214DA081BC3A5EC003E6994 /* Release */,
			);
			defaultConfigurationIsVisible = 0;
		};
/* End XCConfigurationList section */
	};
	rootObject = C214D9CB1BC3A5EC003E6994 /* Project object */;
}
